
Microsoft Visual Studio Solution File, Format Version 12.00
# Visual Studio Version 17
VisualStudioVersion = 17.4.33122.133
MinimumVisualStudioVersion = 10.0.40219.1
Project("{FAE04EC0-301F-11D3-BF4B-00C04F79EFBC}") = "RRSkillDay", "RRSkillDay\RRSkillDay.csproj", "{C5611723-0130-4D00-AB4B-6F5A35349B18}"
EndProject
Global
	GlobalSection(SolutionConfigurationPlatforms) = preSolution
		Debug|Any CPU = Debug|Any CPU
		Release|Any CPU = Release|Any CPU
	EndGlobalSection
	GlobalSection(ProjectConfigurationPlatforms) = postSolution
		{C5611723-0130-4D00-AB4B-6F5A35349B18}.Debug|Any CPU.ActiveCfg = Debug|Any CPU
		{C5611723-0130-4D00-AB4B-6F5A35349B18}.Debug|Any CPU.Build.0 = Debug|Any CPU
		{C5611723-0130-4D00-AB4B-6F5A35349B18}.Release|Any CPU.ActiveCfg = Release|Any CPU
		{C5611723-0130-4D00-AB4B-6F5A35349B18}.Release|Any CPU.Build.0 = Release|Any CPU
	EndGlobalSection
	GlobalSection(SolutionProperties) = preSolution
		HideSolutionNode = FALSE
	EndGlobalSection
	GlobalSection(ExtensibilityGlobals) = postSolution
		SolutionGuid = {245C35B8-8952-417D-8B76-0E9818BC02A6}
	EndGlobalSection
EndGlobal
